
Microsoft Visual Studio Solution File, Format Version 12.00
# Visual Studio 15
VisualStudioVersion = 15.0.28010.2036
MinimumVisualStudioVersion = 10.0.40219.1
Project("{2150E333-8FDC-42A3-9474-1A3956D46DE8}") = "0 - Domain", "0 - Domain", "{C24E54A1-BB12-4516-89C2-B1A3D05BAC58}"
EndProject
Project("{2150E333-8FDC-42A3-9474-1A3956D46DE8}") = "1 - Tests", "1 - Tests", "{BFD8082E-EF04-49D6-B0A0-B6F59BC32A44}"
EndProject
Project("{2150E333-8FDC-42A3-9474-1A3956D46DE8}") = "2 - Infra", "2 - Infra", "{35DA7932-4655-4B7E-8590-6C7D6F051FD3}"
EndProject
Project("{2150E333-8FDC-42A3-9474-1A3956D46DE8}") = "3 - Application", "3 - Application", "{6FABDC06-DBE2-4554-B881-6E6780A60850}"
EndProject
Project("{2150E333-8FDC-42A3-9474-1A3956D46DE8}") = "4 - API", "4 - API", "{AFD349AF-200B-4A50-AF92-FAA899EB0897}"
EndProject
Project("{2150E333-8FDC-42A3-9474-1A3956D46DE8}") = "5 - Presentation", "5 - Presentation", "{8B7846E7-6451-46DA-A23C-1A3D64658972}"
EndProject
Project("{9A19103F-16F7-4668-BE54-9A1E7A4F7556}") = "Switch.Domain", "Switch.Domain\Switch.Domain.csproj", "{7E32DD6B-AAF0-42F1-8BE2-5245283C6C7A}"
EndProject
Project("{9A19103F-16F7-4668-BE54-9A1E7A4F7556}") = "Switch.Domain.Tests", "Switch.Domain.Tests\Switch.Domain.Tests.csproj", "{4EA4E945-74EE-4E60-B3D7-69B49AAED2A0}"
EndProject
Project("{2150E333-8FDC-42A3-9474-1A3956D46DE8}") = "2.1 CrossCutting", "2.1 CrossCutting", "{1A0D5D35-3E87-414E-9D15-6C81A62B1459}"
EndProject
Project("{2150E333-8FDC-42A3-9474-1A3956D46DE8}") = "2.2 - Data", "2.2 - Data", "{8D01A1BE-46C8-49D2-AD05-85E040208231}"
EndProject
Project("{9A19103F-16F7-4668-BE54-9A1E7A4F7556}") = "Switch.Infra.Data", "Switch.Infra.Data\Switch.Infra.Data.csproj", "{5FF4C8CC-4792-40BD-8AE2-D358C5510949}"
EndProject
Project("{9A19103F-16F7-4668-BE54-9A1E7A4F7556}") = "Switch.Application", "Switch.Application\Switch.Application.csproj", "{89A8F078-0F7B-439D-82FB-FAA0D37CE188}"
EndProject
Project("{9A19103F-16F7-4668-BE54-9A1E7A4F7556}") = "Switch.API", "Switch.API\Switch.API.csproj", "{9B113671-DF26-43BA-856D-B16361ABF0CE}"
EndProject
Project("{9A19103F-16F7-4668-BE54-9A1E7A4F7556}") = "SwitchAPP", "SwitchAPP\SwitchAPP.csproj", "{DDFC6B6E-C5F9-4A2D-8587-46992774BDA4}"
EndProject
Project("{9A19103F-16F7-4668-BE54-9A1E7A4F7556}") = "Switch.Infra.CrossCutting.Logging", "Switch.Infra.CrossCutting.Logging\Switch.Infra.CrossCutting.Logging.csproj", "{1C462F82-9B6F-4B80-ABFA-D61E0B9D7686}"
EndProject
Global
	GlobalSection(SolutionConfigurationPlatforms) = preSolution
		Debug|Any CPU = Debug|Any CPU
		Release|Any CPU = Release|Any CPU
	EndGlobalSection
	GlobalSection(ProjectConfigurationPlatforms) = postSolution
		{7E32DD6B-AAF0-42F1-8BE2-5245283C6C7A}.Debug|Any CPU.ActiveCfg = Debug|Any CPU
		{7E32DD6B-AAF0-42F1-8BE2-5245283C6C7A}.Debug|Any CPU.Build.0 = Debug|Any CPU
		{7E32DD6B-AAF0-42F1-8BE2-5245283C6C7A}.Release|Any CPU.ActiveCfg = Release|Any CPU
		{7E32DD6B-AAF0-42F1-8BE2-5245283C6C7A}.Release|Any CPU.Build.0 = Release|Any CPU
		{4EA4E945-74EE-4E60-B3D7-69B49AAED2A0}.Debug|Any CPU.ActiveCfg = Debug|Any CPU
		{4EA4E945-74EE-4E60-B3D7-69B49AAED2A0}.Debug|Any CPU.Build.0 = Debug|Any CPU
		{4EA4E945-74EE-4E60-B3D7-69B49AAED2A0}.Release|Any CPU.ActiveCfg = Release|Any CPU
		{4EA4E945-74EE-4E60-B3D7-69B49AAED2A0}.Release|Any CPU.Build.0 = Release|Any CPU
		{5FF4C8CC-4792-40BD-8AE2-D358C5510949}.Debug|Any CPU.ActiveCfg = Debug|Any CPU
		{5FF4C8CC-4792-40BD-8AE2-D358C5510949}.Debug|Any CPU.Build.0 = Debug|Any CPU
		{5FF4C8CC-4792-40BD-8AE2-D358C5510949}.Release|Any CPU.ActiveCfg = Release|Any CPU
		{5FF4C8CC-4792-40BD-8AE2-D358C5510949}.Release|Any CPU.Build.0 = Release|Any CPU
		{89A8F078-0F7B-439D-82FB-FAA0D37CE188}.Debug|Any CPU.ActiveCfg = Debug|Any CPU
		{89A8F078-0F7B-439D-82FB-FAA0D37CE188}.Debug|Any CPU.Build.0 = Debug|Any CPU
		{89A8F078-0F7B-439D-82FB-FAA0D37CE188}.Release|Any CPU.ActiveCfg = Release|Any CPU
		{89A8F078-0F7B-439D-82FB-FAA0D37CE188}.Release|Any CPU.Build.0 = Release|Any CPU
		{9B113671-DF26-43BA-856D-B16361ABF0CE}.Debug|Any CPU.ActiveCfg = Debug|Any CPU
		{9B113671-DF26-43BA-856D-B16361ABF0CE}.Debug|Any CPU.Build.0 = Debug|Any CPU
		{9B113671-DF26-43BA-856D-B16361ABF0CE}.Release|Any CPU.ActiveCfg = Release|Any CPU
		{9B113671-DF26-43BA-856D-B16361ABF0CE}.Release|Any CPU.Build.0 = Release|Any CPU
		{DDFC6B6E-C5F9-4A2D-8587-46992774BDA4}.Debug|Any CPU.ActiveCfg = Debug|Any CPU
		{DDFC6B6E-C5F9-4A2D-8587-46992774BDA4}.Debug|Any CPU.Build.0 = Debug|Any CPU
		{DDFC6B6E-C5F9-4A2D-8587-46992774BDA4}.Release|Any CPU.ActiveCfg = Release|Any CPU
		{DDFC6B6E-C5F9-4A2D-8587-46992774BDA4}.Release|Any CPU.Build.0 = Release|Any CPU
		{1C462F82-9B6F-4B80-ABFA-D61E0B9D7686}.Debug|Any CPU.ActiveCfg = Debug|Any CPU
		{1C462F82-9B6F-4B80-ABFA-D61E0B9D7686}.Debug|Any CPU.Build.0 = Debug|Any CPU
		{1C462F82-9B6F-4B80-ABFA-D61E0B9D7686}.Release|Any CPU.ActiveCfg = Release|Any CPU
		{1C462F82-9B6F-4B80-ABFA-D61E0B9D7686}.Release|Any CPU.Build.0 = Release|Any CPU
	EndGlobalSection
	GlobalSection(SolutionProperties) = preSolution
		HideSolutionNode = FALSE
	EndGlobalSection
	GlobalSection(NestedProjects) = preSolution
		{7E32DD6B-AAF0-42F1-8BE2-5245283C6C7A} = {C24E54A1-BB12-4516-89C2-B1A3D05BAC58}
		{4EA4E945-74EE-4E60-B3D7-69B49AAED2A0} = {BFD8082E-EF04-49D6-B0A0-B6F59BC32A44}
		{1A0D5D35-3E87-414E-9D15-6C81A62B1459} = {35DA7932-4655-4B7E-8590-6C7D6F051FD3}
		{8D01A1BE-46C8-49D2-AD05-85E040208231} = {35DA7932-4655-4B7E-8590-6C7D6F051FD3}
		{5FF4C8CC-4792-40BD-8AE2-D358C5510949} = {8D01A1BE-46C8-49D2-AD05-85E040208231}
		{89A8F078-0F7B-439D-82FB-FAA0D37CE188} = {6FABDC06-DBE2-4554-B881-6E6780A60850}
		{9B113671-DF26-43BA-856D-B16361ABF0CE} = {AFD349AF-200B-4A50-AF92-FAA899EB0897}
		{DDFC6B6E-C5F9-4A2D-8587-46992774BDA4} = {8B7846E7-6451-46DA-A23C-1A3D64658972}
		{1C462F82-9B6F-4B80-ABFA-D61E0B9D7686} = {1A0D5D35-3E87-414E-9D15-6C81A62B1459}
	EndGlobalSection
	GlobalSection(ExtensibilityGlobals) = postSolution
		SolutionGuid = {014633A6-BDE3-440C-8906-1B126E8F5DA4}
	EndGlobalSection
EndGlobal
